
Microsoft Visual Studio Solution File, Format Version 12.00
# Visual Studio Version 17
VisualStudioVersion = 17.5.33530.505
MinimumVisualStudioVersion = 10.0.40219.1
Project("{FAE04EC0-301F-11D3-BF4B-00C04F79EFBC}") = "CRUDWithRepository.UI", "CRUDWithRepository\CRUDWithRepository.UI.csproj", "{A3A11700-D305-4EE8-B8AD-34D556CBFD8C}"
EndProject
Project("{FAE04EC0-301F-11D3-BF4B-00C04F79EFBC}") = "CRUDWithRepository.core", "CRUDWithRepository.core\CRUDWithRepository.core.csproj", "{36E2454A-5B88-4394-96F9-BA54D9CF2810}"
EndProject
Project("{FAE04EC0-301F-11D3-BF4B-00C04F79EFBC}") = "CRUDWithRepository.Infrastructure", "CRUDWithRepository.Infrastructure\CRUDWithRepository.Infrastructure.csproj", "{16AC0F09-3FCF-4F4E-A7C7-DB1AA3548935}"
EndProject
Global
	GlobalSection(SolutionConfigurationPlatforms) = preSolution
		Debug|Any CPU = Debug|Any CPU
		Release|Any CPU = Release|Any CPU
	EndGlobalSection
	GlobalSection(ProjectConfigurationPlatforms) = postSolution
		{A3A11700-D305-4EE8-B8AD-34D556CBFD8C}.Debug|Any CPU.ActiveCfg = Debug|Any CPU
		{A3A11700-D305-4EE8-B8AD-34D556CBFD8C}.Debug|Any CPU.Build.0 = Debug|Any CPU
		{A3A11700-D305-4EE8-B8AD-34D556CBFD8C}.Release|Any CPU.ActiveCfg = Release|Any CPU
		{A3A11700-D305-4EE8-B8AD-34D556CBFD8C}.Release|Any CPU.Build.0 = Release|Any CPU
		{36E2454A-5B88-4394-96F9-BA54D9CF2810}.Debug|Any CPU.ActiveCfg = Debug|Any CPU
		{36E2454A-5B88-4394-96F9-BA54D9CF2810}.Debug|Any CPU.Build.0 = Debug|Any CPU
		{36E2454A-5B88-4394-96F9-BA54D9CF2810}.Release|Any CPU.ActiveCfg = Release|Any CPU
		{36E2454A-5B88-4394-96F9-BA54D9CF2810}.Release|Any CPU.Build.0 = Release|Any CPU
		{16AC0F09-3FCF-4F4E-A7C7-DB1AA3548935}.Debug|Any CPU.ActiveCfg = Debug|Any CPU
		{16AC0F09-3FCF-4F4E-A7C7-DB1AA3548935}.Debug|Any CPU.Build.0 = Debug|Any CPU
		{16AC0F09-3FCF-4F4E-A7C7-DB1AA3548935}.Release|Any CPU.ActiveCfg = Release|Any CPU
		{16AC0F09-3FCF-4F4E-A7C7-DB1AA3548935}.Release|Any CPU.Build.0 = Release|Any CPU
	EndGlobalSection
	GlobalSection(SolutionProperties) = preSolution
		HideSolutionNode = FALSE
	EndGlobalSection
	GlobalSection(ExtensibilityGlobals) = postSolution
		SolutionGuid = {1D7FB9D8-5D27-4B6C-AB67-3B11F1D4800E}
	EndGlobalSection
EndGlobal
